
Microsoft Visual Studio Solution File, Format Version 12.00
# Visual Studio 2013
VisualStudioVersion = 12.0.31101.0
MinimumVisualStudioVersion = 10.0.40219.1
Project("{FAE04EC0-301F-11D3-BF4B-00C04F79EFBC}") = "OmidID.IO.SaveMedia", "OmidID.IO\OmidID.IO.SaveMedia.csproj", "{0C4A79DC-6328-45F1-843B-D1C702E22327}"
EndProject
Project("{FAE04EC0-301F-11D3-BF4B-00C04F79EFBC}") = "OmidID.Drawing", "OmidID.Drawing\OmidID.Drawing.csproj", "{02AF7C18-42D9-4384-90FA-B04FD95F0C8C}"
EndProject
Global
	GlobalSection(SolutionConfigurationPlatforms) = preSolution
		Debug|Any CPU = Debug|Any CPU
		Release|Any CPU = Release|Any CPU
	EndGlobalSection
	GlobalSection(ProjectConfigurationPlatforms) = postSolution
		{0C4A79DC-6328-45F1-843B-D1C702E22327}.Debug|Any CPU.ActiveCfg = Debug|Any CPU
		{0C4A79DC-6328-45F1-843B-D1C702E22327}.Debug|Any CPU.Build.0 = Debug|Any CPU
		{0C4A79DC-6328-45F1-843B-D1C702E22327}.Release|Any CPU.ActiveCfg = Release|Any CPU
		{0C4A79DC-6328-45F1-843B-D1C702E22327}.Release|Any CPU.Build.0 = Release|Any CPU
		{02AF7C18-42D9-4384-90FA-B04FD95F0C8C}.Debug|Any CPU.ActiveCfg = Debug|Any CPU
		{02AF7C18-42D9-4384-90FA-B04FD95F0C8C}.Debug|Any CPU.Build.0 = Debug|Any CPU
		{02AF7C18-42D9-4384-90FA-B04FD95F0C8C}.Release|Any CPU.ActiveCfg = Release|Any CPU
		{02AF7C18-42D9-4384-90FA-B04FD95F0C8C}.Release|Any CPU.Build.0 = Release|Any CPU
	EndGlobalSection
	GlobalSection(SolutionProperties) = preSolution
		HideSolutionNode = FALSE
	EndGlobalSection
EndGlobal
